
Microsoft Visual Studio Solution File, Format Version 9.00
# Visual Studio 2005
Project("{8BC9CEB8-8B4A-11D0-8D11-00A0C91BC942}") = "regcopy.WNET", "regcopy.WNET.vcproj", "{8BFD676D-4B2D-4D9D-8CB3-DD61028DE71F}"
EndProject
Project("{8BC9CEB8-8B4A-11D0-8D11-00A0C91BC942}") = "regcopy.W7", "regcopy.W7.vcproj", "{FA945997-BD28-444A-8BF7-E953F1363444}"
EndProject
Global
	GlobalSection(SolutionConfigurationPlatforms) = preSolution
		W7 checked (PREfast)|Win32 = W7 checked (PREfast)|Win32
		W7 checked|Win32 = W7 checked|Win32
		W7 free|Win32 = W7 free|Win32
		W7LH checked (PREfast)|Win32 = W7LH checked (PREfast)|Win32
		W7LH checked|Win32 = W7LH checked|Win32
		W7LH free|Win32 = W7LH free|Win32
		W7LHX64 checked (PREfast)|Win32 = W7LHX64 checked (PREfast)|Win32
		W7LHX64 checked|Win32 = W7LHX64 checked|Win32
		W7LHX64 free|Win32 = W7LHX64 free|Win32
		W7NET checked (PREfast)|Win32 = W7NET checked (PREfast)|Win32
		W7NET checked|Win32 = W7NET checked|Win32
		W7NET free|Win32 = W7NET free|Win32
		W7NETX64 checked (PREfast)|Win32 = W7NETX64 checked (PREfast)|Win32
		W7NETX64 checked|Win32 = W7NETX64 checked|Win32
		W7NETX64 free|Win32 = W7NETX64 free|Win32
		W7X64 checked (PREfast)|Win32 = W7X64 checked (PREfast)|Win32
		W7X64 checked|Win32 = W7X64 checked|Win32
		W7X64 free|Win32 = W7X64 free|Win32
		W7XP checked (PREfast)|Win32 = W7XP checked (PREfast)|Win32
		W7XP checked|Win32 = W7XP checked|Win32
		W7XP free|Win32 = W7XP free|Win32
		WNET checked (PREfast)|Win32 = WNET checked (PREfast)|Win32
		WNET checked|Win32 = WNET checked|Win32
		WNET free|Win32 = WNET free|Win32
		WNET2K checked (PREfast)|Win32 = WNET2K checked (PREfast)|Win32
		WNET2K checked|Win32 = WNET2K checked|Win32
		WNET2K free|Win32 = WNET2K free|Win32
		WNETAMD64 checked (PREfast)|Win32 = WNETAMD64 checked (PREfast)|Win32
		WNETAMD64 checked|Win32 = WNETAMD64 checked|Win32
		WNETAMD64 free|Win32 = WNETAMD64 free|Win32
		WNETXP checked (PREfast)|Win32 = WNETXP checked (PREfast)|Win32
		WNETXP checked|Win32 = WNETXP checked|Win32
		WNETXP free|Win32 = WNETXP free|Win32
	EndGlobalSection
	GlobalSection(ProjectConfigurationPlatforms) = postSolution
		{8BFD676D-4B2D-4D9D-8CB3-DD61028DE71F}.W7 checked (PREfast)|Win32.ActiveCfg = WNET2K checked (PREfast)|Win32
		{8BFD676D-4B2D-4D9D-8CB3-DD61028DE71F}.W7 checked|Win32.ActiveCfg = WNET2K checked (PREfast)|Win32
		{8BFD676D-4B2D-4D9D-8CB3-DD61028DE71F}.W7 free|Win32.ActiveCfg = WNET2K checked (PREfast)|Win32
		{8BFD676D-4B2D-4D9D-8CB3-DD61028DE71F}.W7LH checked (PREfast)|Win32.ActiveCfg = WNET2K checked (PREfast)|Win32
		{8BFD676D-4B2D-4D9D-8CB3-DD61028DE71F}.W7LH checked|Win32.ActiveCfg = WNET2K checked (PREfast)|Win32
		{8BFD676D-4B2D-4D9D-8CB3-DD61028DE71F}.W7LH free|Win32.ActiveCfg = WNET2K checked (PREfast)|Win32
		{8BFD676D-4B2D-4D9D-8CB3-DD61028DE71F}.W7LHX64 checked (PREfast)|Win32.ActiveCfg = WNET2K checked (PREfast)|Win32
		{8BFD676D-4B2D-4D9D-8CB3-DD61028DE71F}.W7LHX64 checked|Win32.ActiveCfg = WNET2K checked (PREfast)|Win32
		{8BFD676D-4B2D-4D9D-8CB3-DD61028DE71F}.W7LHX64 free|Win32.ActiveCfg = WNET2K checked (PREfast)|Win32
		{8BFD676D-4B2D-4D9D-8CB3-DD61028DE71F}.W7NET checked (PREfast)|Win32.ActiveCfg = WNET2K checked (PREfast)|Win32
		{8BFD676D-4B2D-4D9D-8CB3-DD61028DE71F}.W7NET checked|Win32.ActiveCfg = WNET2K checked (PREfast)|Win32
		{8BFD676D-4B2D-4D9D-8CB3-DD61028DE71F}.W7NET free|Win32.ActiveCfg = WNET2K checked (PREfast)|Win32
		{8BFD676D-4B2D-4D9D-8CB3-DD61028DE71F}.W7NETX64 checked (PREfast)|Win32.ActiveCfg = WNET2K checked (PREfast)|Win32
		{8BFD676D-4B2D-4D9D-8CB3-DD61028DE71F}.W7NETX64 checked|Win32.ActiveCfg = WNET2K checked (PREfast)|Win32
		{8BFD676D-4B2D-4D9D-8CB3-DD61028DE71F}.W7NETX64 free|Win32.ActiveCfg = WNET2K checked (PREfast)|Win32
		{8BFD676D-4B2D-4D9D-8CB3-DD61028DE71F}.W7X64 checked (PREfast)|Win32.ActiveCfg = WNET2K checked (PREfast)|Win32
		{8BFD676D-4B2D-4D9D-8CB3-DD61028DE71F}.W7X64 checked|Win32.ActiveCfg = WNET2K checked (PREfast)|Win32
		{8BFD676D-4B2D-4D9D-8CB3-DD61028DE71F}.W7X64 free|Win32.ActiveCfg = WNET2K checked (PREfast)|Win32
		{8BFD676D-4B2D-4D9D-8CB3-DD61028DE71F}.W7XP checked (PREfast)|Win32.ActiveCfg = WNET2K checked (PREfast)|Win32
		{8BFD676D-4B2D-4D9D-8CB3-DD61028DE71F}.W7XP checked|Win32.ActiveCfg = WNET2K checked (PREfast)|Win32
		{8BFD676D-4B2D-4D9D-8CB3-DD61028DE71F}.W7XP free|Win32.ActiveCfg = WNET2K checked (PREfast)|Win32
		{8BFD676D-4B2D-4D9D-8CB3-DD61028DE71F}.WNET checked (PREfast)|Win32.ActiveCfg = WNET checked (PREfast)|Win32
		{8BFD676D-4B2D-4D9D-8CB3-DD61028DE71F}.WNET checked (PREfast)|Win32.Build.0 = WNET checked (PREfast)|Win32
		{8BFD676D-4B2D-4D9D-8CB3-DD61028DE71F}.WNET checked (PREfast)|Win32.Deploy.0 = WNET checked (PREfast)|Win32
		{8BFD676D-4B2D-4D9D-8CB3-DD61028DE71F}.WNET checked|Win32.ActiveCfg = WNET checked|Win32
		{8BFD676D-4B2D-4D9D-8CB3-DD61028DE71F}.WNET checked|Win32.Build.0 = WNET checked|Win32
		{8BFD676D-4B2D-4D9D-8CB3-DD61028DE71F}.WNET checked|Win32.Deploy.0 = WNET checked|Win32
		{8BFD676D-4B2D-4D9D-8CB3-DD61028DE71F}.WNET free|Win32.ActiveCfg = WNET free|Win32
		{8BFD676D-4B2D-4D9D-8CB3-DD61028DE71F}.WNET free|Win32.Build.0 = WNET free|Win32
		{8BFD676D-4B2D-4D9D-8CB3-DD61028DE71F}.WNET free|Win32.Deploy.0 = WNET free|Win32
		{8BFD676D-4B2D-4D9D-8CB3-DD61028DE71F}.WNET2K checked (PREfast)|Win32.ActiveCfg = WNET2K checked (PREfast)|Win32
		{8BFD676D-4B2D-4D9D-8CB3-DD61028DE71F}.WNET2K checked (PREfast)|Win32.Build.0 = WNET2K checked (PREfast)|Win32
		{8BFD676D-4B2D-4D9D-8CB3-DD61028DE71F}.WNET2K checked (PREfast)|Win32.Deploy.0 = WNET2K checked (PREfast)|Win32
		{8BFD676D-4B2D-4D9D-8CB3-DD61028DE71F}.WNET2K checked|Win32.ActiveCfg = WNET2K checked|Win32
		{8BFD676D-4B2D-4D9D-8CB3-DD61028DE71F}.WNET2K checked|Win32.Build.0 = WNET2K checked|Win32
		{8BFD676D-4B2D-4D9D-8CB3-DD61028DE71F}.WNET2K checked|Win32.Deploy.0 = WNET2K checked|Win32
		{8BFD676D-4B2D-4D9D-8CB3-DD61028DE71F}.WNET2K free|Win32.ActiveCfg = WNET2K free|Win32
		{8BFD676D-4B2D-4D9D-8CB3-DD61028DE71F}.WNET2K free|Win32.Build.0 = WNET2K free|Win32
		{8BFD676D-4B2D-4D9D-8CB3-DD61028DE71F}.WNET2K free|Win32.Deploy.0 = WNET2K free|Win32
		{8BFD676D-4B2D-4D9D-8CB3-DD61028DE71F}.WNETAMD64 checked (PREfast)|Win32.ActiveCfg = WNETAMD64 checked (PREfast)|Win32
		{8BFD676D-4B2D-4D9D-8CB3-DD61028DE71F}.WNETAMD64 checked (PREfast)|Win32.Build.0 = WNETAMD64 checked (PREfast)|Win32
		{8BFD676D-4B2D-4D9D-8CB3-DD61028DE71F}.WNETAMD64 checked (PREfast)|Win32.Deploy.0 = WNETAMD64 checked (PREfast)|Win32
		{8BFD676D-4B2D-4D9D-8CB3-DD61028DE71F}.WNETAMD64 checked|Win32.ActiveCfg = WNETAMD64 checked|Win32
		{8BFD676D-4B2D-4D9D-8CB3-DD61028DE71F}.WNETAMD64 checked|Win32.Build.0 = WNETAMD64 checked|Win32
		{8BFD676D-4B2D-4D9D-8CB3-DD61028DE71F}.WNETAMD64 checked|Win32.Deploy.0 = WNETAMD64 checked|Win32
		{8BFD676D-4B2D-4D9D-8CB3-DD61028DE71F}.WNETAMD64 free|Win32.ActiveCfg = WNETAMD64 free|Win32
		{8BFD676D-4B2D-4D9D-8CB3-DD61028DE71F}.WNETAMD64 free|Win32.Build.0 = WNETAMD64 free|Win32
		{8BFD676D-4B2D-4D9D-8CB3-DD61028DE71F}.WNETAMD64 free|Win32.Deploy.0 = WNETAMD64 free|Win32
		{8BFD676D-4B2D-4D9D-8CB3-DD61028DE71F}.WNETXP checked (PREfast)|Win32.ActiveCfg = WNETXP checked (PREfast)|Win32
		{8BFD676D-4B2D-4D9D-8CB3-DD61028DE71F}.WNETXP checked (PREfast)|Win32.Build.0 = WNETXP checked (PREfast)|Win32
		{8BFD676D-4B2D-4D9D-8CB3-DD61028DE71F}.WNETXP checked (PREfast)|Win32.Deploy.0 = WNETXP checked (PREfast)|Win32
		{8BFD676D-4B2D-4D9D-8CB3-DD61028DE71F}.WNETXP checked|Win32.ActiveCfg = WNETXP checked|Win32
		{8BFD676D-4B2D-4D9D-8CB3-DD61028DE71F}.WNETXP checked|Win32.Build.0 = WNETXP checked|Win32
		{8BFD676D-4B2D-4D9D-8CB3-DD61028DE71F}.WNETXP checked|Win32.Deploy.0 = WNETXP checked|Win32
		{8BFD676D-4B2D-4D9D-8CB3-DD61028DE71F}.WNETXP free|Win32.ActiveCfg = WNETXP free|Win32
		{8BFD676D-4B2D-4D9D-8CB3-DD61028DE71F}.WNETXP free|Win32.Build.0 = WNETXP free|Win32
		{8BFD676D-4B2D-4D9D-8CB3-DD61028DE71F}.WNETXP free|Win32.Deploy.0 = WNETXP free|Win32
		{FA945997-BD28-444A-8BF7-E953F1363444}.W7 checked (PREfast)|Win32.ActiveCfg = W7 checked (PREfast)|Win32
		{FA945997-BD28-444A-8BF7-E953F1363444}.W7 checked (PREfast)|Win32.Build.0 = W7 checked (PREfast)|Win32
		{FA945997-BD28-444A-8BF7-E953F1363444}.W7 checked (PREfast)|Win32.Deploy.0 = W7 checked (PREfast)|Win32
		{FA945997-BD28-444A-8BF7-E953F1363444}.W7 checked|Win32.ActiveCfg = W7 checked|Win32
		{FA945997-BD28-444A-8BF7-E953F1363444}.W7 checked|Win32.Build.0 = W7 checked|Win32
		{FA945997-BD28-444A-8BF7-E953F1363444}.W7 checked|Win32.Deploy.0 = W7 checked|Win32
		{FA945997-BD28-444A-8BF7-E953F1363444}.W7 free|Win32.ActiveCfg = W7 free|Win32
		{FA945997-BD28-444A-8BF7-E953F1363444}.W7 free|Win32.Build.0 = W7 free|Win32
		{FA945997-BD28-444A-8BF7-E953F1363444}.W7 free|Win32.Deploy.0 = W7 free|Win32
		{FA945997-BD28-444A-8BF7-E953F1363444}.W7LH checked (PREfast)|Win32.ActiveCfg = W7LH checked (PREfast)|Win32
		{FA945997-BD28-444A-8BF7-E953F1363444}.W7LH checked (PREfast)|Win32.Build.0 = W7LH checked (PREfast)|Win32
		{FA945997-BD28-444A-8BF7-E953F1363444}.W7LH checked (PREfast)|Win32.Deploy.0 = W7LH checked (PREfast)|Win32
		{FA945997-BD28-444A-8BF7-E953F1363444}.W7LH checked|Win32.ActiveCfg = W7LH checked|Win32
		{FA945997-BD28-444A-8BF7-E953F1363444}.W7LH checked|Win32.Build.0 = W7LH checked|Win32
		{FA945997-BD28-444A-8BF7-E953F1363444}.W7LH checked|Win32.Deploy.0 = W7LH checked|Win32
		{FA945997-BD28-444A-8BF7-E953F1363444}.W7LH free|Win32.ActiveCfg = W7LH free|Win32
		{FA945997-BD28-444A-8BF7-E953F1363444}.W7LH free|Win32.Build.0 = W7LH free|Win32
		{FA945997-BD28-444A-8BF7-E953F1363444}.W7LH free|Win32.Deploy.0 = W7LH free|Win32
		{FA945997-BD28-444A-8BF7-E953F1363444}.W7LHX64 checked (PREfast)|Win32.ActiveCfg = W7LHX64 checked (PREfast)|Win32
		{FA945997-BD28-444A-8BF7-E953F1363444}.W7LHX64 checked (PREfast)|Win32.Build.0 = W7LHX64 checked (PREfast)|Win32
		{FA945997-BD28-444A-8BF7-E953F1363444}.W7LHX64 checked (PREfast)|Win32.Deploy.0 = W7LHX64 checked (PREfast)|Win32
		{FA945997-BD28-444A-8BF7-E953F1363444}.W7LHX64 checked|Win32.ActiveCfg = W7LHX64 checked|Win32
		{FA945997-BD28-444A-8BF7-E953F1363444}.W7LHX64 checked|Win32.Build.0 = W7LHX64 checked|Win32
		{FA945997-BD28-444A-8BF7-E953F1363444}.W7LHX64 checked|Win32.Deploy.0 = W7LHX64 checked|Win32
		{FA945997-BD28-444A-8BF7-E953F1363444}.W7LHX64 free|Win32.ActiveCfg = W7LHX64 free|Win32
		{FA945997-BD28-444A-8BF7-E953F1363444}.W7LHX64 free|Win32.Build.0 = W7LHX64 free|Win32
		{FA945997-BD28-444A-8BF7-E953F1363444}.W7LHX64 free|Win32.Deploy.0 = W7LHX64 free|Win32
		{FA945997-BD28-444A-8BF7-E953F1363444}.W7NET checked (PREfast)|Win32.ActiveCfg = W7NET checked (PREfast)|Win32
		{FA945997-BD28-444A-8BF7-E953F1363444}.W7NET checked (PREfast)|Win32.Build.0 = W7NET checked (PREfast)|Win32
		{FA945997-BD28-444A-8BF7-E953F1363444}.W7NET checked (PREfast)|Win32.Deploy.0 = W7NET checked (PREfast)|Win32
		{FA945997-BD28-444A-8BF7-E953F1363444}.W7NET checked|Win32.ActiveCfg = W7NET checked|Win32
		{FA945997-BD28-444A-8BF7-E953F1363444}.W7NET checked|Win32.Build.0 = W7NET checked|Win32
		{FA945997-BD28-444A-8BF7-E953F1363444}.W7NET checked|Win32.Deploy.0 = W7NET checked|Win32
		{FA945997-BD28-444A-8BF7-E953F1363444}.W7NET free|Win32.ActiveCfg = W7NET free|Win32
		{FA945997-BD28-444A-8BF7-E953F1363444}.W7NET free|Win32.Build.0 = W7NET free|Win32
		{FA945997-BD28-444A-8BF7-E953F1363444}.W7NET free|Win32.Deploy.0 = W7NET free|Win32
		{FA945997-BD28-444A-8BF7-E953F1363444}.W7NETX64 checked (PREfast)|Win32.ActiveCfg = W7NETX64 checked (PREfast)|Win32
		{FA945997-BD28-444A-8BF7-E953F1363444}.W7NETX64 checked (PREfast)|Win32.Build.0 = W7NETX64 checked (PREfast)|Win32
		{FA945997-BD28-444A-8BF7-E953F1363444}.W7NETX64 checked (PREfast)|Win32.Deploy.0 = W7NETX64 checked (PREfast)|Win32
		{FA945997-BD28-444A-8BF7-E953F1363444}.W7NETX64 checked|Win32.ActiveCfg = W7NETX64 checked|Win32
		{FA945997-BD28-444A-8BF7-E953F1363444}.W7NETX64 checked|Win32.Build.0 = W7NETX64 checked|Win32
		{FA945997-BD28-444A-8BF7-E953F1363444}.W7NETX64 checked|Win32.Deploy.0 = W7NETX64 checked|Win32
		{FA945997-BD28-444A-8BF7-E953F1363444}.W7NETX64 free|Win32.ActiveCfg = W7NETX64 free|Win32
		{FA945997-BD28-444A-8BF7-E953F1363444}.W7NETX64 free|Win32.Build.0 = W7NETX64 free|Win32
		{FA945997-BD28-444A-8BF7-E953F1363444}.W7NETX64 free|Win32.Deploy.0 = W7NETX64 free|Win32
		{FA945997-BD28-444A-8BF7-E953F1363444}.W7X64 checked (PREfast)|Win32.ActiveCfg = W7X64 checked (PREfast)|Win32
		{FA945997-BD28-444A-8BF7-E953F1363444}.W7X64 checked (PREfast)|Win32.Build.0 = W7X64 checked (PREfast)|Win32
		{FA945997-BD28-444A-8BF7-E953F1363444}.W7X64 checked (PREfast)|Win32.Deploy.0 = W7X64 checked (PREfast)|Win32
		{FA945997-BD28-444A-8BF7-E953F1363444}.W7X64 checked|Win32.ActiveCfg = W7X64 checked|Win32
		{FA945997-BD28-444A-8BF7-E953F1363444}.W7X64 checked|Win32.Build.0 = W7X64 checked|Win32
		{FA945997-BD28-444A-8BF7-E953F1363444}.W7X64 checked|Win32.Deploy.0 = W7X64 checked|Win32
		{FA945997-BD28-444A-8BF7-E953F1363444}.W7X64 free|Win32.ActiveCfg = W7X64 free|Win32
		{FA945997-BD28-444A-8BF7-E953F1363444}.W7X64 free|Win32.Build.0 = W7X64 free|Win32
		{FA945997-BD28-444A-8BF7-E953F1363444}.W7X64 free|Win32.Deploy.0 = W7X64 free|Win32
		{FA945997-BD28-444A-8BF7-E953F1363444}.W7XP checked (PREfast)|Win32.ActiveCfg = W7XP checked (PREfast)|Win32
		{FA945997-BD28-444A-8BF7-E953F1363444}.W7XP checked (PREfast)|Win32.Build.0 = W7XP checked (PREfast)|Win32
		{FA945997-BD28-444A-8BF7-E953F1363444}.W7XP checked (PREfast)|Win32.Deploy.0 = W7XP checked (PREfast)|Win32
		{FA945997-BD28-444A-8BF7-E953F1363444}.W7XP checked|Win32.ActiveCfg = W7XP checked|Win32
		{FA945997-BD28-444A-8BF7-E953F1363444}.W7XP checked|Win32.Build.0 = W7XP checked|Win32
		{FA945997-BD28-444A-8BF7-E953F1363444}.W7XP checked|Win32.Deploy.0 = W7XP checked|Win32
		{FA945997-BD28-444A-8BF7-E953F1363444}.W7XP free|Win32.ActiveCfg = W7XP free|Win32
		{FA945997-BD28-444A-8BF7-E953F1363444}.W7XP free|Win32.Build.0 = W7XP free|Win32
		{FA945997-BD28-444A-8BF7-E953F1363444}.W7XP free|Win32.Deploy.0 = W7XP free|Win32
		{FA945997-BD28-444A-8BF7-E953F1363444}.WNET checked (PREfast)|Win32.ActiveCfg = W7XP checked (PREfast)|Win32
		{FA945997-BD28-444A-8BF7-E953F1363444}.WNET checked|Win32.ActiveCfg = W7XP checked (PREfast)|Win32
		{FA945997-BD28-444A-8BF7-E953F1363444}.WNET free|Win32.ActiveCfg = W7XP checked (PREfast)|Win32
		{FA945997-BD28-444A-8BF7-E953F1363444}.WNET2K checked (PREfast)|Win32.ActiveCfg = W7XP checked (PREfast)|Win32
		{FA945997-BD28-444A-8BF7-E953F1363444}.WNET2K checked|Win32.ActiveCfg = W7XP checked (PREfast)|Win32
		{FA945997-BD28-444A-8BF7-E953F1363444}.WNET2K free|Win32.ActiveCfg = W7XP checked (PREfast)|Win32
		{FA945997-BD28-444A-8BF7-E953F1363444}.WNETAMD64 checked (PREfast)|Win32.ActiveCfg = W7XP checked (PREfast)|Win32
		{FA945997-BD28-444A-8BF7-E953F1363444}.WNETAMD64 checked|Win32.ActiveCfg = W7XP checked (PREfast)|Win32
		{FA945997-BD28-444A-8BF7-E953F1363444}.WNETAMD64 free|Win32.ActiveCfg = W7XP checked (PREfast)|Win32
		{FA945997-BD28-444A-8BF7-E953F1363444}.WNETXP checked (PREfast)|Win32.ActiveCfg = W7XP checked (PREfast)|Win32
		{FA945997-BD28-444A-8BF7-E953F1363444}.WNETXP checked|Win32.ActiveCfg = W7XP checked (PREfast)|Win32
		{FA945997-BD28-444A-8BF7-E953F1363444}.WNETXP free|Win32.ActiveCfg = W7XP checked (PREfast)|Win32
	EndGlobalSection
	GlobalSection(SolutionProperties) = preSolution
		HideSolutionNode = FALSE
	EndGlobalSection
EndGlobal
